
Microsoft Visual Studio Solution File, Format Version 12.00
# Visual Studio Version 17
VisualStudioVersion = 17.9.34728.123
MinimumVisualStudioVersion = 10.0.40219.1
Project("{FAE04EC0-301F-11D3-BF4B-00C04F79EFBC}") = "ConnectFour_Group3", "ConnectFour_Group3\ConnectFour_Group3.csproj", "{431BC450-1B9D-4C77-93CC-F62CAC1C6A24}"
EndProject
Global
	GlobalSection(SolutionConfigurationPlatforms) = preSolution
		Debug|Any CPU = Debug|Any CPU
		Release|Any CPU = Release|Any CPU
	EndGlobalSection
	GlobalSection(ProjectConfigurationPlatforms) = postSolution
		{431BC450-1B9D-4C77-93CC-F62CAC1C6A24}.Debug|Any CPU.ActiveCfg = Debug|Any CPU
		{431BC450-1B9D-4C77-93CC-F62CAC1C6A24}.Debug|Any CPU.Build.0 = Debug|Any CPU
		{431BC450-1B9D-4C77-93CC-F62CAC1C6A24}.Release|Any CPU.ActiveCfg = Release|Any CPU
		{431BC450-1B9D-4C77-93CC-F62CAC1C6A24}.Release|Any CPU.Build.0 = Release|Any CPU
	EndGlobalSection
	GlobalSection(SolutionProperties) = preSolution
		HideSolutionNode = FALSE
	EndGlobalSection
	GlobalSection(ExtensibilityGlobals) = postSolution
		SolutionGuid = {93C7C95D-6B20-4333-AE13-848BC567918B}
	EndGlobalSection
EndGlobal
